
Microsoft Visual Studio Solution File, Format Version 12.00
# Visual Studio 15
VisualStudioVersion = 15.0.27130.2036
MinimumVisualStudioVersion = 10.0.40219.1
Project("{9A19103F-16F7-4668-BE54-9A1E7A4F7556}") = "DigiSeatApi", "digi-seat-api\DigiSeatApi.csproj", "{BF571046-8E59-4187-BAB2-32736DDEAEBC}"
EndProject
Project("{FAE04EC0-301F-11D3-BF4B-00C04F79EFBC}") = "ApiTests", "ApiTests\ApiTests.csproj", "{56090117-0172-4468-B409-D27FD5265951}"
EndProject
Global
	GlobalSection(SolutionConfigurationPlatforms) = preSolution
		Debug|Any CPU = Debug|Any CPU
		Release|Any CPU = Release|Any CPU
	EndGlobalSection
	GlobalSection(ProjectConfigurationPlatforms) = postSolution
		{BF571046-8E59-4187-BAB2-32736DDEAEBC}.Debug|Any CPU.ActiveCfg = Debug|Any CPU
		{BF571046-8E59-4187-BAB2-32736DDEAEBC}.Debug|Any CPU.Build.0 = Debug|Any CPU
		{BF571046-8E59-4187-BAB2-32736DDEAEBC}.Release|Any CPU.ActiveCfg = Release|Any CPU
		{BF571046-8E59-4187-BAB2-32736DDEAEBC}.Release|Any CPU.Build.0 = Release|Any CPU
		{56090117-0172-4468-B409-D27FD5265951}.Debug|Any CPU.ActiveCfg = Debug|Any CPU
		{56090117-0172-4468-B409-D27FD5265951}.Debug|Any CPU.Build.0 = Debug|Any CPU
		{56090117-0172-4468-B409-D27FD5265951}.Release|Any CPU.ActiveCfg = Release|Any CPU
		{56090117-0172-4468-B409-D27FD5265951}.Release|Any CPU.Build.0 = Release|Any CPU
	EndGlobalSection
	GlobalSection(SolutionProperties) = preSolution
		HideSolutionNode = FALSE
	EndGlobalSection
	GlobalSection(ExtensibilityGlobals) = postSolution
		SolutionGuid = {BA742DCC-0747-419C-89DF-87D39AF2F9E7}
	EndGlobalSection
EndGlobal
